
Microsoft Visual Studio Solution File, Format Version 12.00
# Visual Studio Version 16
VisualStudioVersion = 16.0.30011.22
MinimumVisualStudioVersion = 10.0.40219.1
Project("{9A19103F-16F7-4668-BE54-9A1E7A4F7556}") = "OOP1", "OOP1\OOP1.csproj", "{B7DB9231-22E5-4219-82E7-B404D737391A}"
EndProject
Project("{FAE04EC0-301F-11D3-BF4B-00C04F79EFBC}") = "Koleksiyonlar", "Koleksiyonlar\Koleksiyonlar.csproj", "{01D756FD-80D2-4CAF-A864-5FC489D1DCB5}"
EndProject
Project("{FAE04EC0-301F-11D3-BF4B-00C04F79EFBC}") = "GenecricsIntro", "GenecricsIntro\GenecricsIntro.csproj", "{59A34E59-C54A-48B4-9574-6B291418B8C0}"
EndProject
Global
	GlobalSection(SolutionConfigurationPlatforms) = preSolution
		Debug|Any CPU = Debug|Any CPU
		Release|Any CPU = Release|Any CPU
	EndGlobalSection
	GlobalSection(ProjectConfigurationPlatforms) = postSolution
		{B7DB9231-22E5-4219-82E7-B404D737391A}.Debug|Any CPU.ActiveCfg = Debug|Any CPU
		{B7DB9231-22E5-4219-82E7-B404D737391A}.Debug|Any CPU.Build.0 = Debug|Any CPU
		{B7DB9231-22E5-4219-82E7-B404D737391A}.Release|Any CPU.ActiveCfg = Release|Any CPU
		{B7DB9231-22E5-4219-82E7-B404D737391A}.Release|Any CPU.Build.0 = Release|Any CPU
		{01D756FD-80D2-4CAF-A864-5FC489D1DCB5}.Debug|Any CPU.ActiveCfg = Debug|Any CPU
		{01D756FD-80D2-4CAF-A864-5FC489D1DCB5}.Debug|Any CPU.Build.0 = Debug|Any CPU
		{01D756FD-80D2-4CAF-A864-5FC489D1DCB5}.Release|Any CPU.ActiveCfg = Release|Any CPU
		{01D756FD-80D2-4CAF-A864-5FC489D1DCB5}.Release|Any CPU.Build.0 = Release|Any CPU
		{59A34E59-C54A-48B4-9574-6B291418B8C0}.Debug|Any CPU.ActiveCfg = Debug|Any CPU
		{59A34E59-C54A-48B4-9574-6B291418B8C0}.Debug|Any CPU.Build.0 = Debug|Any CPU
		{59A34E59-C54A-48B4-9574-6B291418B8C0}.Release|Any CPU.ActiveCfg = Release|Any CPU
		{59A34E59-C54A-48B4-9574-6B291418B8C0}.Release|Any CPU.Build.0 = Release|Any CPU
	EndGlobalSection
	GlobalSection(SolutionProperties) = preSolution
		HideSolutionNode = FALSE
	EndGlobalSection
	GlobalSection(ExtensibilityGlobals) = postSolution
		SolutionGuid = {B3C69BEA-F764-4ECE-A53F-8116373EB1CC}
	EndGlobalSection
EndGlobal
