
Microsoft Visual Studio Solution File, Format Version 12.00
# Visual Studio Version 16
VisualStudioVersion = 16.0.30011.22
MinimumVisualStudioVersion = 10.0.40219.1
Project("{FAE04EC0-301F-11D3-BF4B-00C04F79EFBC}") = "MyList", "MyList\MyList.csproj", "{5102D77B-DA4A-4E5F-9FA6-EDAFFC47CAD3}"
EndProject
Global
	GlobalSection(SolutionConfigurationPlatforms) = preSolution
		Debug|Any CPU = Debug|Any CPU
		Release|Any CPU = Release|Any CPU
	EndGlobalSection
	GlobalSection(ProjectConfigurationPlatforms) = postSolution
		{5102D77B-DA4A-4E5F-9FA6-EDAFFC47CAD3}.Debug|Any CPU.ActiveCfg = Debug|Any CPU
		{5102D77B-DA4A-4E5F-9FA6-EDAFFC47CAD3}.Debug|Any CPU.Build.0 = Debug|Any CPU
		{5102D77B-DA4A-4E5F-9FA6-EDAFFC47CAD3}.Release|Any CPU.ActiveCfg = Release|Any CPU
		{5102D77B-DA4A-4E5F-9FA6-EDAFFC47CAD3}.Release|Any CPU.Build.0 = Release|Any CPU
	EndGlobalSection
	GlobalSection(SolutionProperties) = preSolution
		HideSolutionNode = FALSE
	EndGlobalSection
	GlobalSection(ExtensibilityGlobals) = postSolution
		SolutionGuid = {35F108FB-4858-469A-93D7-5E8CF3F6CDB9}
	EndGlobalSection
EndGlobal
