
Microsoft Visual Studio Solution File, Format Version 12.00
# Visual Studio Version 16
VisualStudioVersion = 16.0.30011.22
MinimumVisualStudioVersion = 10.0.40219.1
Project("{9A19103F-16F7-4668-BE54-9A1E7A4F7556}") = "DataAccess", "DataAccess\DataAccess.csproj", "{C2299842-9935-4C1F-86E8-6DCB423C7EB3}"
EndProject
Project("{9A19103F-16F7-4668-BE54-9A1E7A4F7556}") = "Business", "Business\Business.csproj", "{E5869E77-8807-45A8-B58C-390144E45C08}"
EndProject
Project("{9A19103F-16F7-4668-BE54-9A1E7A4F7556}") = "Entities", "Entities\Entities.csproj", "{D0BCCD1A-DE1D-4539-86F5-E9A91643271D}"
EndProject
Project("{9A19103F-16F7-4668-BE54-9A1E7A4F7556}") = "ConsoleUI", "ConsoleUI\ConsoleUI.csproj", "{0E82BF68-ACE6-40A5-BB09-64930ED82D34}"
EndProject
Project("{FAE04EC0-301F-11D3-BF4B-00C04F79EFBC}") = "Core", "Core\Core.csproj", "{806569E6-6A2E-4AAC-A9BA-892D57F5CB67}"
EndProject
Global
	GlobalSection(SolutionConfigurationPlatforms) = preSolution
		Debug|Any CPU = Debug|Any CPU
		Release|Any CPU = Release|Any CPU
	EndGlobalSection
	GlobalSection(ProjectConfigurationPlatforms) = postSolution
		{C2299842-9935-4C1F-86E8-6DCB423C7EB3}.Debug|Any CPU.ActiveCfg = Debug|Any CPU
		{C2299842-9935-4C1F-86E8-6DCB423C7EB3}.Debug|Any CPU.Build.0 = Debug|Any CPU
		{C2299842-9935-4C1F-86E8-6DCB423C7EB3}.Release|Any CPU.ActiveCfg = Release|Any CPU
		{C2299842-9935-4C1F-86E8-6DCB423C7EB3}.Release|Any CPU.Build.0 = Release|Any CPU
		{E5869E77-8807-45A8-B58C-390144E45C08}.Debug|Any CPU.ActiveCfg = Debug|Any CPU
		{E5869E77-8807-45A8-B58C-390144E45C08}.Debug|Any CPU.Build.0 = Debug|Any CPU
		{E5869E77-8807-45A8-B58C-390144E45C08}.Release|Any CPU.ActiveCfg = Release|Any CPU
		{E5869E77-8807-45A8-B58C-390144E45C08}.Release|Any CPU.Build.0 = Release|Any CPU
		{D0BCCD1A-DE1D-4539-86F5-E9A91643271D}.Debug|Any CPU.ActiveCfg = Debug|Any CPU
		{D0BCCD1A-DE1D-4539-86F5-E9A91643271D}.Debug|Any CPU.Build.0 = Debug|Any CPU
		{D0BCCD1A-DE1D-4539-86F5-E9A91643271D}.Release|Any CPU.ActiveCfg = Release|Any CPU
		{D0BCCD1A-DE1D-4539-86F5-E9A91643271D}.Release|Any CPU.Build.0 = Release|Any CPU
		{0E82BF68-ACE6-40A5-BB09-64930ED82D34}.Debug|Any CPU.ActiveCfg = Debug|Any CPU
		{0E82BF68-ACE6-40A5-BB09-64930ED82D34}.Debug|Any CPU.Build.0 = Debug|Any CPU
		{0E82BF68-ACE6-40A5-BB09-64930ED82D34}.Release|Any CPU.ActiveCfg = Release|Any CPU
		{0E82BF68-ACE6-40A5-BB09-64930ED82D34}.Release|Any CPU.Build.0 = Release|Any CPU
		{806569E6-6A2E-4AAC-A9BA-892D57F5CB67}.Debug|Any CPU.ActiveCfg = Debug|Any CPU
		{806569E6-6A2E-4AAC-A9BA-892D57F5CB67}.Debug|Any CPU.Build.0 = Debug|Any CPU
		{806569E6-6A2E-4AAC-A9BA-892D57F5CB67}.Release|Any CPU.ActiveCfg = Release|Any CPU
		{806569E6-6A2E-4AAC-A9BA-892D57F5CB67}.Release|Any CPU.Build.0 = Release|Any CPU
	EndGlobalSection
	GlobalSection(SolutionProperties) = preSolution
		HideSolutionNode = FALSE
	EndGlobalSection
	GlobalSection(ExtensibilityGlobals) = postSolution
		SolutionGuid = {47BA27CA-B8C0-4D8B-87E7-DD94185B0AB9}
	EndGlobalSection
EndGlobal
