
Microsoft Visual Studio Solution File, Format Version 12.00
# Visual Studio Version 16
VisualStudioVersion = 16.0.30011.22
MinimumVisualStudioVersion = 10.0.40219.1
Project("{9A19103F-16F7-4668-BE54-9A1E7A4F7556}") = "MyDictionary", "MyBankManagement\MyDictionary.csproj", "{1EDBB237-254C-4FF9-9FF3-211D8C633625}"
EndProject
Project("{9A19103F-16F7-4668-BE54-9A1E7A4F7556}") = "GenecricsIntro", "..\Ders4\OOP1\GenecricsIntro\GenecricsIntro.csproj", "{CE8411D7-B94D-485A-9AE0-B4ABC9AEDB56}"
EndProject
Project("{9A19103F-16F7-4668-BE54-9A1E7A4F7556}") = "OOP1", "..\Ders4\OOP1\OOP1\OOP1.csproj", "{9CC5BC5D-BB74-43BF-837F-6DDC81FF5ECD}"
EndProject
Project("{9A19103F-16F7-4668-BE54-9A1E7A4F7556}") = "Koleksiyonlar", "..\Ders4\OOP1\Koleksiyonlar\Koleksiyonlar.csproj", "{079D5A08-49DE-4C58-BB8C-E7A1F477011D}"
EndProject
Project("{9A19103F-16F7-4668-BE54-9A1E7A4F7556}") = "BankCustomer1", "..\..\..\..\source\repos\BankCustomer\BankCustomer\BankCustomer1\BankCustomer1.csproj", "{DB19A452-50B7-4158-9BDA-02C339B79A44}"
EndProject
Global
	GlobalSection(SolutionConfigurationPlatforms) = preSolution
		Debug|Any CPU = Debug|Any CPU
		Release|Any CPU = Release|Any CPU
	EndGlobalSection
	GlobalSection(ProjectConfigurationPlatforms) = postSolution
		{1EDBB237-254C-4FF9-9FF3-211D8C633625}.Debug|Any CPU.ActiveCfg = Debug|Any CPU
		{1EDBB237-254C-4FF9-9FF3-211D8C633625}.Debug|Any CPU.Build.0 = Debug|Any CPU
		{1EDBB237-254C-4FF9-9FF3-211D8C633625}.Release|Any CPU.ActiveCfg = Release|Any CPU
		{1EDBB237-254C-4FF9-9FF3-211D8C633625}.Release|Any CPU.Build.0 = Release|Any CPU
		{CE8411D7-B94D-485A-9AE0-B4ABC9AEDB56}.Debug|Any CPU.ActiveCfg = Debug|Any CPU
		{CE8411D7-B94D-485A-9AE0-B4ABC9AEDB56}.Debug|Any CPU.Build.0 = Debug|Any CPU
		{CE8411D7-B94D-485A-9AE0-B4ABC9AEDB56}.Release|Any CPU.ActiveCfg = Release|Any CPU
		{CE8411D7-B94D-485A-9AE0-B4ABC9AEDB56}.Release|Any CPU.Build.0 = Release|Any CPU
		{9CC5BC5D-BB74-43BF-837F-6DDC81FF5ECD}.Debug|Any CPU.ActiveCfg = Debug|Any CPU
		{9CC5BC5D-BB74-43BF-837F-6DDC81FF5ECD}.Debug|Any CPU.Build.0 = Debug|Any CPU
		{9CC5BC5D-BB74-43BF-837F-6DDC81FF5ECD}.Release|Any CPU.ActiveCfg = Release|Any CPU
		{9CC5BC5D-BB74-43BF-837F-6DDC81FF5ECD}.Release|Any CPU.Build.0 = Release|Any CPU
		{079D5A08-49DE-4C58-BB8C-E7A1F477011D}.Debug|Any CPU.ActiveCfg = Debug|Any CPU
		{079D5A08-49DE-4C58-BB8C-E7A1F477011D}.Debug|Any CPU.Build.0 = Debug|Any CPU
		{079D5A08-49DE-4C58-BB8C-E7A1F477011D}.Release|Any CPU.ActiveCfg = Release|Any CPU
		{079D5A08-49DE-4C58-BB8C-E7A1F477011D}.Release|Any CPU.Build.0 = Release|Any CPU
		{DB19A452-50B7-4158-9BDA-02C339B79A44}.Debug|Any CPU.ActiveCfg = Debug|Any CPU
		{DB19A452-50B7-4158-9BDA-02C339B79A44}.Debug|Any CPU.Build.0 = Debug|Any CPU
		{DB19A452-50B7-4158-9BDA-02C339B79A44}.Release|Any CPU.ActiveCfg = Release|Any CPU
		{DB19A452-50B7-4158-9BDA-02C339B79A44}.Release|Any CPU.Build.0 = Release|Any CPU
	EndGlobalSection
	GlobalSection(SolutionProperties) = preSolution
		HideSolutionNode = FALSE
	EndGlobalSection
	GlobalSection(ExtensibilityGlobals) = postSolution
		SolutionGuid = {09E1033C-D06E-4811-8F85-74BCD9FFED21}
	EndGlobalSection
EndGlobal
